
Microsoft Visual Studio Solution File, Format Version 12.00
# Visual Studio Version 16
VisualStudioVersion = 16.0.31624.102
MinimumVisualStudioVersion = 10.0.40219.1
Project("{FAE04EC0-301F-11D3-BF4B-00C04F79EFBC}") = "Gamethatyoucanusecommands", "Gamethatyoucanusecommands.csproj", "{B62D56E3-F15A-4DD0-A1A9-462C6ABEB505}"
EndProject
Global
	GlobalSection(SolutionConfigurationPlatforms) = preSolution
		Debug|Any CPU = Debug|Any CPU
		Release|Any CPU = Release|Any CPU
	EndGlobalSection
	GlobalSection(ProjectConfigurationPlatforms) = postSolution
		{B62D56E3-F15A-4DD0-A1A9-462C6ABEB505}.Debug|Any CPU.ActiveCfg = Debug|Any CPU
		{B62D56E3-F15A-4DD0-A1A9-462C6ABEB505}.Debug|Any CPU.Build.0 = Debug|Any CPU
		{B62D56E3-F15A-4DD0-A1A9-462C6ABEB505}.Release|Any CPU.ActiveCfg = Release|Any CPU
		{B62D56E3-F15A-4DD0-A1A9-462C6ABEB505}.Release|Any CPU.Build.0 = Release|Any CPU
	EndGlobalSection
	GlobalSection(SolutionProperties) = preSolution
		HideSolutionNode = FALSE
	EndGlobalSection
	GlobalSection(ExtensibilityGlobals) = postSolution
		SolutionGuid = {C1ADC08A-FF9E-4573-87F0-7ABA0E559C1A}
	EndGlobalSection
EndGlobal
